
Microsoft Visual Studio Solution File, Format Version 12.00
# Visual Studio Version 17
VisualStudioVersion = 17.8.34511.84
MinimumVisualStudioVersion = 10.0.40219.1
Project("{FAE04EC0-301F-11D3-BF4B-00C04F79EFBC}") = "App01", "App01.csproj", "{9529F0B3-ECDA-48AF-8956-193BE585DCE0}"
EndProject
Global
	GlobalSection(SolutionConfigurationPlatforms) = preSolution
		Debug|Any CPU = Debug|Any CPU
		Release|Any CPU = Release|Any CPU
	EndGlobalSection
	GlobalSection(ProjectConfigurationPlatforms) = postSolution
		{9529F0B3-ECDA-48AF-8956-193BE585DCE0}.Debug|Any CPU.ActiveCfg = Debug|Any CPU
		{9529F0B3-ECDA-48AF-8956-193BE585DCE0}.Debug|Any CPU.Build.0 = Debug|Any CPU
		{9529F0B3-ECDA-48AF-8956-193BE585DCE0}.Release|Any CPU.ActiveCfg = Release|Any CPU
		{9529F0B3-ECDA-48AF-8956-193BE585DCE0}.Release|Any CPU.Build.0 = Release|Any CPU
	EndGlobalSection
	GlobalSection(SolutionProperties) = preSolution
		HideSolutionNode = FALSE
	EndGlobalSection
	GlobalSection(ExtensibilityGlobals) = postSolution
		SolutionGuid = {133DFA49-F4BE-4E43-8511-977DBFDC583C}
	EndGlobalSection
EndGlobal
